
Microsoft Visual Studio Solution File, Format Version 12.00
# Visual Studio Version 17
VisualStudioVersion = 17.0.31512.422
MinimumVisualStudioVersion = 10.0.40219.1
Project("{FAE04EC0-301F-11D3-BF4B-00C04F79EFBC}") = "EventinoApi", "EventinoApi\EventinoApi.csproj", "{AFAC9B2D-1539-4939-9355-613F7B38CEDD}"
EndProject
Project("{FAE04EC0-301F-11D3-BF4B-00C04F79EFBC}") = "Domain", "Domain\Domain.csproj", "{53D6F591-FE7B-43C0-A703-0294CE2045C2}"
EndProject
Project("{FAE04EC0-301F-11D3-BF4B-00C04F79EFBC}") = "Dal", "Dal\Dal.csproj", "{D1DFA0E6-CFEB-4C74-9E07-F01EA1E1FB76}"
EndProject
Global
	GlobalSection(SolutionConfigurationPlatforms) = preSolution
		Debug|Any CPU = Debug|Any CPU
		Release|Any CPU = Release|Any CPU
	EndGlobalSection
	GlobalSection(ProjectConfigurationPlatforms) = postSolution
		{AFAC9B2D-1539-4939-9355-613F7B38CEDD}.Debug|Any CPU.ActiveCfg = Debug|Any CPU
		{AFAC9B2D-1539-4939-9355-613F7B38CEDD}.Debug|Any CPU.Build.0 = Debug|Any CPU
		{AFAC9B2D-1539-4939-9355-613F7B38CEDD}.Release|Any CPU.ActiveCfg = Release|Any CPU
		{AFAC9B2D-1539-4939-9355-613F7B38CEDD}.Release|Any CPU.Build.0 = Release|Any CPU
		{53D6F591-FE7B-43C0-A703-0294CE2045C2}.Debug|Any CPU.ActiveCfg = Debug|Any CPU
		{53D6F591-FE7B-43C0-A703-0294CE2045C2}.Debug|Any CPU.Build.0 = Debug|Any CPU
		{53D6F591-FE7B-43C0-A703-0294CE2045C2}.Release|Any CPU.ActiveCfg = Release|Any CPU
		{53D6F591-FE7B-43C0-A703-0294CE2045C2}.Release|Any CPU.Build.0 = Release|Any CPU
		{D1DFA0E6-CFEB-4C74-9E07-F01EA1E1FB76}.Debug|Any CPU.ActiveCfg = Debug|Any CPU
		{D1DFA0E6-CFEB-4C74-9E07-F01EA1E1FB76}.Debug|Any CPU.Build.0 = Debug|Any CPU
		{D1DFA0E6-CFEB-4C74-9E07-F01EA1E1FB76}.Release|Any CPU.ActiveCfg = Release|Any CPU
		{D1DFA0E6-CFEB-4C74-9E07-F01EA1E1FB76}.Release|Any CPU.Build.0 = Release|Any CPU
	EndGlobalSection
	GlobalSection(SolutionProperties) = preSolution
		HideSolutionNode = FALSE
	EndGlobalSection
	GlobalSection(ExtensibilityGlobals) = postSolution
		SolutionGuid = {38A471D4-F220-46C3-B83C-BAEFFFB20838}
	EndGlobalSection
EndGlobal
